# THIS IS AN AUTOGENERATED FILE. DO NOT EDIT THIS FILE DIRECTLY.
# yarn lockfile v1


swagger-ui-dist@^3.23.8:
  version "3.23.8"
  resolved "https://registry.yarnpkg.com/swagger-ui-dist/-/swagger-ui-dist-3.23.8.tgz#f0101144a07796856c513e8f50262e374b12ac11"
  integrity sha512-9qs+hTveKA8UAAe9k8/E8Tg67KYvSs9xSq5K0PByzC/cYqE+kcDS6hBmEStNQx1xfOJE+Rx+jZAYAQ1c5I10+Q==
